
Microsoft Visual Studio Solution File, Format Version 12.00
# Visual Studio Version 17
VisualStudioVersion = 17.11.35222.181
MinimumVisualStudioVersion = 10.0.40219.1
Project("{FAE04EC0-301F-11D3-BF4B-00C04F79EFBC}") = "Ecommerce", "Ecommerce\Ecommerce.csproj", "{9CCD0A51-4947-4D10-888A-785FE263928F}"
EndProject
Global
	GlobalSection(SolutionConfigurationPlatforms) = preSolution
		Debug|Any CPU = Debug|Any CPU
		Release|Any CPU = Release|Any CPU
	EndGlobalSection
	GlobalSection(ProjectConfigurationPlatforms) = postSolution
		{9CCD0A51-4947-4D10-888A-785FE263928F}.Debug|Any CPU.ActiveCfg = Debug|Any CPU
		{9CCD0A51-4947-4D10-888A-785FE263928F}.Debug|Any CPU.Build.0 = Debug|Any CPU
		{9CCD0A51-4947-4D10-888A-785FE263928F}.Release|Any CPU.ActiveCfg = Release|Any CPU
		{9CCD0A51-4947-4D10-888A-785FE263928F}.Release|Any CPU.Build.0 = Release|Any CPU
	EndGlobalSection
	GlobalSection(SolutionProperties) = preSolution
		HideSolutionNode = FALSE
	EndGlobalSection
	GlobalSection(ExtensibilityGlobals) = postSolution
		SolutionGuid = {8B0B7F69-131E-4DCA-8278-CBF051A12A12}
	EndGlobalSection
EndGlobal
