
Microsoft Visual Studio Solution File, Format Version 12.00
# Visual Studio Version 17
VisualStudioVersion = 17.11.35222.181
MinimumVisualStudioVersion = 10.0.40219.1
Project("{FAE04EC0-301F-11D3-BF4B-00C04F79EFBC}") = "LibraryBookTracker", "LibraryBookTracker\LibraryBookTracker.csproj", "{4EE6A47E-56D1-49B9-BA56-F177733065F3}"
EndProject
Global
	GlobalSection(SolutionConfigurationPlatforms) = preSolution
		Debug|Any CPU = Debug|Any CPU
		Release|Any CPU = Release|Any CPU
	EndGlobalSection
	GlobalSection(ProjectConfigurationPlatforms) = postSolution
		{4EE6A47E-56D1-49B9-BA56-F177733065F3}.Debug|Any CPU.ActiveCfg = Debug|Any CPU
		{4EE6A47E-56D1-49B9-BA56-F177733065F3}.Debug|Any CPU.Build.0 = Debug|Any CPU
		{4EE6A47E-56D1-49B9-BA56-F177733065F3}.Release|Any CPU.ActiveCfg = Release|Any CPU
		{4EE6A47E-56D1-49B9-BA56-F177733065F3}.Release|Any CPU.Build.0 = Release|Any CPU
	EndGlobalSection
	GlobalSection(SolutionProperties) = preSolution
		HideSolutionNode = FALSE
	EndGlobalSection
	GlobalSection(ExtensibilityGlobals) = postSolution
		SolutionGuid = {F7E54BCB-38A0-4138-A38C-9829836E5408}
	EndGlobalSection
EndGlobal
