
Microsoft Visual Studio Solution File, Format Version 12.00
# Visual Studio Version 17
VisualStudioVersion = 17.11.35222.181
MinimumVisualStudioVersion = 10.0.40219.1
Project("{FAE04EC0-301F-11D3-BF4B-00C04F79EFBC}") = "CsharpFirstSteps", "CsharpFirstSteps\CsharpFirstSteps.csproj", "{CD6FA66B-676E-49B8-8DE2-C14A49588563}"
EndProject
Project("{8BC9CEB8-8B4A-11D0-8D11-00A0C91BC942}") = "FirstExercise", "FirstExercise\FirstExercise.vcxproj", "{E997A589-8DCC-43EB-9FEB-BF07840ACA8C}"
EndProject
Global
	GlobalSection(SolutionConfigurationPlatforms) = preSolution
		Debug|Any CPU = Debug|Any CPU
		Debug|x64 = Debug|x64
		Debug|x86 = Debug|x86
		Release|Any CPU = Release|Any CPU
		Release|x64 = Release|x64
		Release|x86 = Release|x86
	EndGlobalSection
	GlobalSection(ProjectConfigurationPlatforms) = postSolution
		{CD6FA66B-676E-49B8-8DE2-C14A49588563}.Debug|Any CPU.ActiveCfg = Debug|Any CPU
		{CD6FA66B-676E-49B8-8DE2-C14A49588563}.Debug|Any CPU.Build.0 = Debug|Any CPU
		{CD6FA66B-676E-49B8-8DE2-C14A49588563}.Debug|x64.ActiveCfg = Debug|Any CPU
		{CD6FA66B-676E-49B8-8DE2-C14A49588563}.Debug|x64.Build.0 = Debug|Any CPU
		{CD6FA66B-676E-49B8-8DE2-C14A49588563}.Debug|x86.ActiveCfg = Debug|Any CPU
		{CD6FA66B-676E-49B8-8DE2-C14A49588563}.Debug|x86.Build.0 = Debug|Any CPU
		{CD6FA66B-676E-49B8-8DE2-C14A49588563}.Release|Any CPU.ActiveCfg = Release|Any CPU
		{CD6FA66B-676E-49B8-8DE2-C14A49588563}.Release|Any CPU.Build.0 = Release|Any CPU
		{CD6FA66B-676E-49B8-8DE2-C14A49588563}.Release|x64.ActiveCfg = Release|Any CPU
		{CD6FA66B-676E-49B8-8DE2-C14A49588563}.Release|x64.Build.0 = Release|Any CPU
		{CD6FA66B-676E-49B8-8DE2-C14A49588563}.Release|x86.ActiveCfg = Release|Any CPU
		{CD6FA66B-676E-49B8-8DE2-C14A49588563}.Release|x86.Build.0 = Release|Any CPU
		{E997A589-8DCC-43EB-9FEB-BF07840ACA8C}.Debug|Any CPU.ActiveCfg = Debug|x64
		{E997A589-8DCC-43EB-9FEB-BF07840ACA8C}.Debug|Any CPU.Build.0 = Debug|x64
		{E997A589-8DCC-43EB-9FEB-BF07840ACA8C}.Debug|x64.ActiveCfg = Debug|x64
		{E997A589-8DCC-43EB-9FEB-BF07840ACA8C}.Debug|x64.Build.0 = Debug|x64
		{E997A589-8DCC-43EB-9FEB-BF07840ACA8C}.Debug|x86.ActiveCfg = Debug|Win32
		{E997A589-8DCC-43EB-9FEB-BF07840ACA8C}.Debug|x86.Build.0 = Debug|Win32
		{E997A589-8DCC-43EB-9FEB-BF07840ACA8C}.Release|Any CPU.ActiveCfg = Release|x64
		{E997A589-8DCC-43EB-9FEB-BF07840ACA8C}.Release|Any CPU.Build.0 = Release|x64
		{E997A589-8DCC-43EB-9FEB-BF07840ACA8C}.Release|x64.ActiveCfg = Release|x64
		{E997A589-8DCC-43EB-9FEB-BF07840ACA8C}.Release|x64.Build.0 = Release|x64
		{E997A589-8DCC-43EB-9FEB-BF07840ACA8C}.Release|x86.ActiveCfg = Release|Win32
		{E997A589-8DCC-43EB-9FEB-BF07840ACA8C}.Release|x86.Build.0 = Release|Win32
	EndGlobalSection
	GlobalSection(SolutionProperties) = preSolution
		HideSolutionNode = FALSE
	EndGlobalSection
	GlobalSection(ExtensibilityGlobals) = postSolution
		SolutionGuid = {4130C0DB-882C-4151-9384-8EA17724F4C7}
	EndGlobalSection
EndGlobal
