
Microsoft Visual Studio Solution File, Format Version 12.00
# Visual Studio Version 17
VisualStudioVersion = 17.11.35222.181
MinimumVisualStudioVersion = 10.0.40219.1
Project("{FAE04EC0-301F-11D3-BF4B-00C04F79EFBC}") = "Kickboxing", "Kickboxing\Kickboxing.csproj", "{21E55DC3-5F61-46C7-8912-AF87EBD8B7D5}"
EndProject
Project("{FAE04EC0-301F-11D3-BF4B-00C04F79EFBC}") = "Kickboxing.Test", "Kickboxer.Test\Kickboxing.Test.csproj", "{F6CF742F-AB17-4C50-92A1-8407BF4C60F8}"
EndProject
Global
	GlobalSection(SolutionConfigurationPlatforms) = preSolution
		Debug|Any CPU = Debug|Any CPU
		Release|Any CPU = Release|Any CPU
	EndGlobalSection
	GlobalSection(ProjectConfigurationPlatforms) = postSolution
		{21E55DC3-5F61-46C7-8912-AF87EBD8B7D5}.Debug|Any CPU.ActiveCfg = Debug|Any CPU
		{21E55DC3-5F61-46C7-8912-AF87EBD8B7D5}.Debug|Any CPU.Build.0 = Debug|Any CPU
		{21E55DC3-5F61-46C7-8912-AF87EBD8B7D5}.Release|Any CPU.ActiveCfg = Release|Any CPU
		{21E55DC3-5F61-46C7-8912-AF87EBD8B7D5}.Release|Any CPU.Build.0 = Release|Any CPU
		{F6CF742F-AB17-4C50-92A1-8407BF4C60F8}.Debug|Any CPU.ActiveCfg = Debug|Any CPU
		{F6CF742F-AB17-4C50-92A1-8407BF4C60F8}.Debug|Any CPU.Build.0 = Debug|Any CPU
		{F6CF742F-AB17-4C50-92A1-8407BF4C60F8}.Release|Any CPU.ActiveCfg = Release|Any CPU
		{F6CF742F-AB17-4C50-92A1-8407BF4C60F8}.Release|Any CPU.Build.0 = Release|Any CPU
	EndGlobalSection
	GlobalSection(SolutionProperties) = preSolution
		HideSolutionNode = FALSE
	EndGlobalSection
	GlobalSection(ExtensibilityGlobals) = postSolution
		SolutionGuid = {3EEB2616-AD87-4599-8393-BB93CCA495A4}
	EndGlobalSection
EndGlobal
