
Microsoft Visual Studio Solution File, Format Version 12.00
# Visual Studio Version 17
VisualStudioVersion = 17.11.35222.181
MinimumVisualStudioVersion = 10.0.40219.1
Project("{FAE04EC0-301F-11D3-BF4B-00C04F79EFBC}") = "NewUnitTesting", "NewUnitTesting\NewUnitTesting.csproj", "{D4412CE0-9787-4009-BE73-BAB33008215B}"
EndProject
Project("{FAE04EC0-301F-11D3-BF4B-00C04F79EFBC}") = "CalculatorTest", "CalculatorTest\CalculatorTest.csproj", "{DC6A39E2-D6F9-4690-A646-B96E7BD7B296}"
EndProject
Project("{FAE04EC0-301F-11D3-BF4B-00C04F79EFBC}") = "TestingClass", "TestingClass\TestingClass.csproj", "{99D6F356-8F81-4F45-96D1-A6059E442510}"
EndProject
Global
	GlobalSection(SolutionConfigurationPlatforms) = preSolution
		Debug|Any CPU = Debug|Any CPU
		Release|Any CPU = Release|Any CPU
	EndGlobalSection
	GlobalSection(ProjectConfigurationPlatforms) = postSolution
		{D4412CE0-9787-4009-BE73-BAB33008215B}.Debug|Any CPU.ActiveCfg = Debug|Any CPU
		{D4412CE0-9787-4009-BE73-BAB33008215B}.Debug|Any CPU.Build.0 = Debug|Any CPU
		{D4412CE0-9787-4009-BE73-BAB33008215B}.Release|Any CPU.ActiveCfg = Release|Any CPU
		{D4412CE0-9787-4009-BE73-BAB33008215B}.Release|Any CPU.Build.0 = Release|Any CPU
		{DC6A39E2-D6F9-4690-A646-B96E7BD7B296}.Debug|Any CPU.ActiveCfg = Debug|Any CPU
		{DC6A39E2-D6F9-4690-A646-B96E7BD7B296}.Debug|Any CPU.Build.0 = Debug|Any CPU
		{DC6A39E2-D6F9-4690-A646-B96E7BD7B296}.Release|Any CPU.ActiveCfg = Release|Any CPU
		{DC6A39E2-D6F9-4690-A646-B96E7BD7B296}.Release|Any CPU.Build.0 = Release|Any CPU
		{99D6F356-8F81-4F45-96D1-A6059E442510}.Debug|Any CPU.ActiveCfg = Debug|Any CPU
		{99D6F356-8F81-4F45-96D1-A6059E442510}.Debug|Any CPU.Build.0 = Debug|Any CPU
		{99D6F356-8F81-4F45-96D1-A6059E442510}.Release|Any CPU.ActiveCfg = Release|Any CPU
		{99D6F356-8F81-4F45-96D1-A6059E442510}.Release|Any CPU.Build.0 = Release|Any CPU
	EndGlobalSection
	GlobalSection(SolutionProperties) = preSolution
		HideSolutionNode = FALSE
	EndGlobalSection
	GlobalSection(ExtensibilityGlobals) = postSolution
		SolutionGuid = {5A4C6FD3-496B-4588-B9C5-D0D30CA01BE2}
	EndGlobalSection
EndGlobal
