
Microsoft Visual Studio Solution File, Format Version 12.00
# Visual Studio Version 17
VisualStudioVersion = 17.11.35222.181
MinimumVisualStudioVersion = 10.0.40219.1
Project("{FAE04EC0-301F-11D3-BF4B-00C04F79EFBC}") = "Wellnes", "Wellnes\Wellnes.csproj", "{0E5B1BC5-28E7-4291-B7C5-1F8863E931CB}"
EndProject
Global
	GlobalSection(SolutionConfigurationPlatforms) = preSolution
		Debug|Any CPU = Debug|Any CPU
		Release|Any CPU = Release|Any CPU
	EndGlobalSection
	GlobalSection(ProjectConfigurationPlatforms) = postSolution
		{0E5B1BC5-28E7-4291-B7C5-1F8863E931CB}.Debug|Any CPU.ActiveCfg = Debug|Any CPU
		{0E5B1BC5-28E7-4291-B7C5-1F8863E931CB}.Debug|Any CPU.Build.0 = Debug|Any CPU
		{0E5B1BC5-28E7-4291-B7C5-1F8863E931CB}.Release|Any CPU.ActiveCfg = Release|Any CPU
		{0E5B1BC5-28E7-4291-B7C5-1F8863E931CB}.Release|Any CPU.Build.0 = Release|Any CPU
	EndGlobalSection
	GlobalSection(SolutionProperties) = preSolution
		HideSolutionNode = FALSE
	EndGlobalSection
	GlobalSection(ExtensibilityGlobals) = postSolution
		SolutionGuid = {1BD41B7F-679F-4A46-928A-ED39E1916136}
	EndGlobalSection
EndGlobal
