
Microsoft Visual Studio Solution File, Format Version 12.00
# Visual Studio Version 17
VisualStudioVersion = 17.11.35222.181
MinimumVisualStudioVersion = 10.0.40219.1
Project("{FAE04EC0-301F-11D3-BF4B-00C04F79EFBC}") = "StocksAndPrices", "StocksAndPrices\StocksAndPrices.csproj", "{AC3BE385-C6B1-4AE2-A232-E16C81405CAC}"
EndProject
Global
	GlobalSection(SolutionConfigurationPlatforms) = preSolution
		Debug|Any CPU = Debug|Any CPU
		Release|Any CPU = Release|Any CPU
	EndGlobalSection
	GlobalSection(ProjectConfigurationPlatforms) = postSolution
		{AC3BE385-C6B1-4AE2-A232-E16C81405CAC}.Debug|Any CPU.ActiveCfg = Debug|Any CPU
		{AC3BE385-C6B1-4AE2-A232-E16C81405CAC}.Debug|Any CPU.Build.0 = Debug|Any CPU
		{AC3BE385-C6B1-4AE2-A232-E16C81405CAC}.Release|Any CPU.ActiveCfg = Release|Any CPU
		{AC3BE385-C6B1-4AE2-A232-E16C81405CAC}.Release|Any CPU.Build.0 = Release|Any CPU
	EndGlobalSection
	GlobalSection(SolutionProperties) = preSolution
		HideSolutionNode = FALSE
	EndGlobalSection
	GlobalSection(ExtensibilityGlobals) = postSolution
		SolutionGuid = {4A937420-11C7-4BE4-A918-9DDB6DCB18DE}
	EndGlobalSection
EndGlobal
