
Microsoft Visual Studio Solution File, Format Version 12.00
# Visual Studio Version 17
VisualStudioVersion = 17.11.35222.181
MinimumVisualStudioVersion = 10.0.40219.1
Project("{FAE04EC0-301F-11D3-BF4B-00C04F79EFBC}") = "BankCustomerEx", "BankCustomerEx\BankCustomerEx.csproj", "{5276F966-61CE-4DF1-AD69-0EB924012646}"
EndProject
Global
	GlobalSection(SolutionConfigurationPlatforms) = preSolution
		Debug|Any CPU = Debug|Any CPU
		Release|Any CPU = Release|Any CPU
	EndGlobalSection
	GlobalSection(ProjectConfigurationPlatforms) = postSolution
		{5276F966-61CE-4DF1-AD69-0EB924012646}.Debug|Any CPU.ActiveCfg = Debug|Any CPU
		{5276F966-61CE-4DF1-AD69-0EB924012646}.Debug|Any CPU.Build.0 = Debug|Any CPU
		{5276F966-61CE-4DF1-AD69-0EB924012646}.Release|Any CPU.ActiveCfg = Release|Any CPU
		{5276F966-61CE-4DF1-AD69-0EB924012646}.Release|Any CPU.Build.0 = Release|Any CPU
	EndGlobalSection
	GlobalSection(SolutionProperties) = preSolution
		HideSolutionNode = FALSE
	EndGlobalSection
	GlobalSection(ExtensibilityGlobals) = postSolution
		SolutionGuid = {1572E2BD-4BCB-4C2A-AD67-60F7E5072BD1}
	EndGlobalSection
EndGlobal
