
Microsoft Visual Studio Solution File, Format Version 12.00
# Visual Studio Version 17
VisualStudioVersion = 17.11.35222.181
MinimumVisualStudioVersion = 10.0.40219.1
Project("{FAE04EC0-301F-11D3-BF4B-00C04F79EFBC}") = "QueueGame", "QueueGame\QueueGame.csproj", "{52174713-4246-4DDF-ACB8-0C8842D0166B}"
EndProject
Global
	GlobalSection(SolutionConfigurationPlatforms) = preSolution
		Debug|Any CPU = Debug|Any CPU
		Release|Any CPU = Release|Any CPU
	EndGlobalSection
	GlobalSection(ProjectConfigurationPlatforms) = postSolution
		{52174713-4246-4DDF-ACB8-0C8842D0166B}.Debug|Any CPU.ActiveCfg = Debug|Any CPU
		{52174713-4246-4DDF-ACB8-0C8842D0166B}.Debug|Any CPU.Build.0 = Debug|Any CPU
		{52174713-4246-4DDF-ACB8-0C8842D0166B}.Release|Any CPU.ActiveCfg = Release|Any CPU
		{52174713-4246-4DDF-ACB8-0C8842D0166B}.Release|Any CPU.Build.0 = Release|Any CPU
	EndGlobalSection
	GlobalSection(SolutionProperties) = preSolution
		HideSolutionNode = FALSE
	EndGlobalSection
	GlobalSection(ExtensibilityGlobals) = postSolution
		SolutionGuid = {AC4D122A-881A-469E-9878-0D94392D0C7E}
	EndGlobalSection
EndGlobal
