
Microsoft Visual Studio Solution File, Format Version 12.00
# Visual Studio Version 17
VisualStudioVersion = 17.11.35222.181
MinimumVisualStudioVersion = 10.0.40219.1
Project("{FAE04EC0-301F-11D3-BF4B-00C04F79EFBC}") = "SymbolCounting", "SymbolCounting\SymbolCounting.csproj", "{8E9ACFCB-1AB8-4B6D-A880-D3EC465B2091}"
EndProject
Global
	GlobalSection(SolutionConfigurationPlatforms) = preSolution
		Debug|Any CPU = Debug|Any CPU
		Release|Any CPU = Release|Any CPU
	EndGlobalSection
	GlobalSection(ProjectConfigurationPlatforms) = postSolution
		{8E9ACFCB-1AB8-4B6D-A880-D3EC465B2091}.Debug|Any CPU.ActiveCfg = Debug|Any CPU
		{8E9ACFCB-1AB8-4B6D-A880-D3EC465B2091}.Debug|Any CPU.Build.0 = Debug|Any CPU
		{8E9ACFCB-1AB8-4B6D-A880-D3EC465B2091}.Release|Any CPU.ActiveCfg = Release|Any CPU
		{8E9ACFCB-1AB8-4B6D-A880-D3EC465B2091}.Release|Any CPU.Build.0 = Release|Any CPU
	EndGlobalSection
	GlobalSection(SolutionProperties) = preSolution
		HideSolutionNode = FALSE
	EndGlobalSection
	GlobalSection(ExtensibilityGlobals) = postSolution
		SolutionGuid = {952395B8-1AEF-4658-BEBB-454DC20E75AF}
	EndGlobalSection
EndGlobal
