
Microsoft Visual Studio Solution File, Format Version 12.00
# Visual Studio Version 17
VisualStudioVersion = 17.11.35222.181
MinimumVisualStudioVersion = 10.0.40219.1
Project("{9A19103F-16F7-4668-BE54-9A1E7A4F7556}") = "ListsFirstSteps", "ListsFirstSteps\ListsFirstSteps.csproj", "{95A2D68F-9D71-455D-9679-147B2BC0DEB0}"
EndProject
Project("{9A19103F-16F7-4668-BE54-9A1E7A4F7556}") = "MinMaxValue", "MinMaxValue\MinMaxValue.csproj", "{E764C79D-40A6-4209-81AD-A5922311BAF7}"
EndProject
Project("{9A19103F-16F7-4668-BE54-9A1E7A4F7556}") = "SecondMax", "SecondMax\SecondMax.csproj", "{67D51A76-022D-4A4A-8D71-472F06137C6E}"
EndProject
Project("{9A19103F-16F7-4668-BE54-9A1E7A4F7556}") = "CounOccurences", "CounOccurences\CounOccurences.csproj", "{4876551F-DFBB-4081-80B3-C6F707D50C9F}"
EndProject
Project("{FAE04EC0-301F-11D3-BF4B-00C04F79EFBC}") = "ReverseList", "ReverseList\ReverseList.csproj", "{186BF4A3-ED81-428B-B506-8DC8213B56F5}"
EndProject
Project("{FAE04EC0-301F-11D3-BF4B-00C04F79EFBC}") = "Palindrome", "Palindrome\Palindrome.csproj", "{1BC457EA-3013-420F-889C-62132A1A0A3F}"
EndProject
Global
	GlobalSection(SolutionConfigurationPlatforms) = preSolution
		Debug|Any CPU = Debug|Any CPU
		Release|Any CPU = Release|Any CPU
	EndGlobalSection
	GlobalSection(ProjectConfigurationPlatforms) = postSolution
		{95A2D68F-9D71-455D-9679-147B2BC0DEB0}.Debug|Any CPU.ActiveCfg = Debug|Any CPU
		{95A2D68F-9D71-455D-9679-147B2BC0DEB0}.Debug|Any CPU.Build.0 = Debug|Any CPU
		{95A2D68F-9D71-455D-9679-147B2BC0DEB0}.Release|Any CPU.ActiveCfg = Release|Any CPU
		{95A2D68F-9D71-455D-9679-147B2BC0DEB0}.Release|Any CPU.Build.0 = Release|Any CPU
		{E764C79D-40A6-4209-81AD-A5922311BAF7}.Debug|Any CPU.ActiveCfg = Debug|Any CPU
		{E764C79D-40A6-4209-81AD-A5922311BAF7}.Debug|Any CPU.Build.0 = Debug|Any CPU
		{E764C79D-40A6-4209-81AD-A5922311BAF7}.Release|Any CPU.ActiveCfg = Release|Any CPU
		{E764C79D-40A6-4209-81AD-A5922311BAF7}.Release|Any CPU.Build.0 = Release|Any CPU
		{67D51A76-022D-4A4A-8D71-472F06137C6E}.Debug|Any CPU.ActiveCfg = Debug|Any CPU
		{67D51A76-022D-4A4A-8D71-472F06137C6E}.Debug|Any CPU.Build.0 = Debug|Any CPU
		{67D51A76-022D-4A4A-8D71-472F06137C6E}.Release|Any CPU.ActiveCfg = Release|Any CPU
		{67D51A76-022D-4A4A-8D71-472F06137C6E}.Release|Any CPU.Build.0 = Release|Any CPU
		{4876551F-DFBB-4081-80B3-C6F707D50C9F}.Debug|Any CPU.ActiveCfg = Debug|Any CPU
		{4876551F-DFBB-4081-80B3-C6F707D50C9F}.Debug|Any CPU.Build.0 = Debug|Any CPU
		{4876551F-DFBB-4081-80B3-C6F707D50C9F}.Release|Any CPU.ActiveCfg = Release|Any CPU
		{4876551F-DFBB-4081-80B3-C6F707D50C9F}.Release|Any CPU.Build.0 = Release|Any CPU
		{186BF4A3-ED81-428B-B506-8DC8213B56F5}.Debug|Any CPU.ActiveCfg = Debug|Any CPU
		{186BF4A3-ED81-428B-B506-8DC8213B56F5}.Debug|Any CPU.Build.0 = Debug|Any CPU
		{186BF4A3-ED81-428B-B506-8DC8213B56F5}.Release|Any CPU.ActiveCfg = Release|Any CPU
		{186BF4A3-ED81-428B-B506-8DC8213B56F5}.Release|Any CPU.Build.0 = Release|Any CPU
		{1BC457EA-3013-420F-889C-62132A1A0A3F}.Debug|Any CPU.ActiveCfg = Debug|Any CPU
		{1BC457EA-3013-420F-889C-62132A1A0A3F}.Debug|Any CPU.Build.0 = Debug|Any CPU
		{1BC457EA-3013-420F-889C-62132A1A0A3F}.Release|Any CPU.ActiveCfg = Release|Any CPU
		{1BC457EA-3013-420F-889C-62132A1A0A3F}.Release|Any CPU.Build.0 = Release|Any CPU
	EndGlobalSection
	GlobalSection(SolutionProperties) = preSolution
		HideSolutionNode = FALSE
	EndGlobalSection
	GlobalSection(ExtensibilityGlobals) = postSolution
		SolutionGuid = {5913CDE3-F7CC-451D-A366-255BEE68507C}
	EndGlobalSection
EndGlobal
